// !$*UTF8*$!
{
	archiveVersion = 1;
	classes = {
	};
	objectVersion = 47;
	objects = {

/* Begin PBXBuildFile section */
		87B8C3441E0E9C37002F817D /* main.c in Sources */ = {isa = PBXBuildFile; fileRef = 87B8C3431E0E9C37002F817D /* main.c */; };
		87B8C34C1E0E9C4B002F817D /* libfragmentzip.c in Sources */ = {isa = PBXBuildFile; fileRef = 87B8C34A1E0E9C4B002F817D /* libfragmentzip.c */; };
		87B8C34F1E0E9C63002F817D /* libcurl.tbd in Frameworks */ = {isa = PBXBuildFile; fileRef = 87B8C34E1E0E9C63002F817D /* libcurl.tbd */; };
		87CD9A3A1E0F108E00E566B7 /* libz.tbd in Frameworks */ = {isa = PBXBuildFile; fileRef = 87CD9A391E0F108E00E566B7 /* libz.tbd */; };
/* End PBXBuildFile section */

/* Begin PBXCopyFilesBuildPhase section */
		87B8C33E1E0E9C37002F817D /* CopyFiles */ = {
			isa = PBXCopyFilesBuildPhase;
			buildActionMask = 2147483647;
			dstPath = /usr/share/man/man1/;
			dstSubfolderSpec = 0;
			files = (
			);
			runOnlyForDeploymentPostprocessing = 1;
		};
/* End PBXCopyFilesBuildPhase section */

/* Begin PBXFileReference section */
		87B8C3401E0E9C37002F817D /* libfragmentzip */ = {isa = PBXFileReference; explicitFileType = "compiled.mach-o.executable"; includeInIndex = 0; path = libfragmentzip; sourceTree = BUILT_PRODUCTS_DIR; };
		87B8C3431E0E9C37002F817D /* main.c */ = {isa = PBXFileReference; lastKnownFileType = sourcecode.c.c; path = main.c; sourceTree = "<group>"; };
		87B8C34A1E0E9C4B002F817D /* libfragmentzip.c */ = {isa = PBXFileReference; fileEncoding = 4; lastKnownFileType = sourcecode.c.c; path = libfragmentzip.c; sourceTree = "<group>"; };
		87B8C34B1E0E9C4B002F817D /* libfragmentzip.h */ = {isa = PBXFileReference; fileEncoding = 4; lastKnownFileType = sourcecode.c.h; name = libfragmentzip.h; path = ../include/libfragmentzip/libfragmentzip.h; sourceTree = "<group>"; };
		87B8C34E1E0E9C63002F817D /* libcurl.tbd */ = {isa = PBXFileReference; lastKnownFileType = "sourcecode.text-based-dylib-definition"; name = libcurl.tbd; path = usr/lib/libcurl.tbd; sourceTree = SDKROOT; };
		87CD9A391E0F108E00E566B7 /* libz.tbd */ = {isa = PBXFileReference; lastKnownFileType = "sourcecode.text-based-dylib-definition"; name = libz.tbd; path = usr/lib/libz.tbd; sourceTree = SDKROOT; };
/* End PBXFileReference section */

/* Begin PBXFrameworksBuildPhase section */
		87B8C33D1E0E9C37002F817D /* Frameworks */ = {
			isa = PBXFrameworksBuildPhase;
			buildActionMask = 2147483647;
			files = (
				87CD9A3A1E0F108E00E566B7 /* libz.tbd in Frameworks */,
				87B8C34F1E0E9C63002F817D /* libcurl.tbd in Frameworks */,
			);
			runOnlyForDeploymentPostprocessing = 0;
		};
/* End PBXFrameworksBuildPhase section */

/* Begin PBXGroup section */
		87B8C3371E0E9C37002F817D = {
			isa = PBXGroup;
			children = (
				87B8C3421E0E9C37002F817D /* libfragmentzip */,
				87B8C3411E0E9C37002F817D /* Products */,
				87B8C34D1E0E9C63002F817D /* Frameworks */,
			);
			sourceTree = "<group>";
		};
		87B8C3411E0E9C37002F817D /* Products */ = {
			isa = PBXGroup;
			children = (
				87B8C3401E0E9C37002F817D /* libfragmentzip */,
			);
			name = Products;
			sourceTree = "<group>";
		};
		87B8C3421E0E9C37002F817D /* libfragmentzip */ = {
			isa = PBXGroup;
			children = (
				87B8C34B1E0E9C4B002F817D /* libfragmentzip.h */,
				87B8C34A1E0E9C4B002F817D /* libfragmentzip.c */,
				87B8C3431E0E9C37002F817D /* main.c */,
			);
			path = libfragmentzip;
			sourceTree = "<group>";
		};
		87B8C34D1E0E9C63002F817D /* Frameworks */ = {
			isa = PBXGroup;
			children = (
				87CD9A391E0F108E00E566B7 /* libz.tbd */,
				87B8C34E1E0E9C63002F817D /* libcurl.tbd */,
			);
			name = Frameworks;
			sourceTree = "<group>";
		};
/* End PBXGroup section */

/* Begin PBXNativeTarget section */
		87B8C33F1E0E9C37002F817D /* libfragmentzip */ = {
			isa = PBXNativeTarget;
			buildConfigurationList = 87B8C3471E0E9C37002F817D /* Build configuration list for PBXNativeTarget "libfragmentzip" */;
			buildPhases = (
				87B8C33C1E0E9C37002F817D /* Sources */,
				87B8C33D1E0E9C37002F817D /* Frameworks */,
				87B8C33E1E0E9C37002F817D /* CopyFiles */,
			);
			buildRules = (
			);
			dependencies = (
			);
			name = libfragmentzip;
			productName = libfragmentzip;
			productReference = 87B8C3401E0E9C37002F817D /* libfragmentzip */;
			productType = "com.apple.product-type.tool";
		};
/* End PBXNativeTarget section */

/* Begin PBXProject section */
		87B8C3381E0E9C37002F817D /* Project object */ = {
			isa = PBXProject;
			attributes = {
				LastUpgradeCheck = 1120;
				ORGANIZATIONNAME = tihmstar;
				TargetAttributes = {
					87B8C33F1E0E9C37002F817D = {
						CreatedOnToolsVersion = 8.2;
						ProvisioningStyle = Automatic;
					};
				};
			};
			buildConfigurationList = 87B8C33B1E0E9C37002F817D /* Build configuration list for PBXProject "libfragmentzip" */;
			compatibilityVersion = "Xcode 6.3";
			developmentRegion = en;
			hasScannedForEncodings = 0;
			knownRegions = (
				en,
			);
			mainGroup = 87B8C3371E0E9C37002F817D;
			productRefGroup = 87B8C3411E0E9C37002F817D /* Products */;
			projectDirPath = "";
			projectRoot = "";
			targets = (
				87B8C33F1E0E9C37002F817D /* libfragmentzip */,
			);
		};
/* End PBXProject section */

/* Begin PBXSourcesBuildPhase section */
		87B8C33C1E0E9C37002F817D /* Sources */ = {
			isa = PBXSourcesBuildPhase;
			buildActionMask = 2147483647;
			files = (
				87B8C3441E0E9C37002F817D /* main.c in Sources */,
				87B8C34C1E0E9C4B002F817D /* libfragmentzip.c in Sources */,
			);
			runOnlyForDeploymentPostprocessing = 0;
		};
/* End PBXSourcesBuildPhase section */

/* Begin XCBuildConfiguration section */
		87B8C3451E0E9C37002F817D /* Debug */ = {
			isa = XCBuildConfiguration;
			buildSettings = {
				ALWAYS_SEARCH_USER_PATHS = NO;
				CLANG_ANALYZER_LOCALIZABILITY_NONLOCALIZED = YES;
				CLANG_ANALYZER_NONNULL = YES;
				CLANG_CXX_LANGUAGE_STANDARD = "gnu++0x";
				CLANG_CXX_LIBRARY = "libc++";
				CLANG_ENABLE_MODULES = YES;
				CLANG_ENABLE_OBJC_ARC = YES;
				CLANG_WARN_BLOCK_CAPTURE_AUTORELEASING = YES;
				CLANG_WARN_BOOL_CONVERSION = YES;
				CLANG_WARN_COMMA = YES;
				CLANG_WARN_CONSTANT_CONVERSION = YES;
				CLANG_WARN_DEPRECATED_OBJC_IMPLEMENTATIONS = YES;
				CLANG_WARN_DIRECT_OBJC_ISA_USAGE = YES_ERROR;
				CLANG_WARN_DOCUMENTATION_COMMENTS = YES;
				CLANG_WARN_EMPTY_BODY = YES;
				CLANG_WARN_ENUM_CONVERSION = YES;
				CLANG_WARN_INFINITE_RECURSION = YES;
				CLANG_WARN_INT_CONVERSION = YES;
				CLANG_WARN_NON_LITERAL_NULL_CONVERSION = YES;
				CLANG_WARN_OBJC_IMPLICIT_RETAIN_SELF = YES;
				CLANG_WARN_OBJC_LITERAL_CONVERSION = YES;
				CLANG_WARN_OBJC_ROOT_CLASS = YES_ERROR;
				CLANG_WARN_RANGE_LOOP_ANALYSIS = YES;
				CLANG_WARN_STRICT_PROTOTYPES = YES;
				CLANG_WARN_SUSPICIOUS_MOVE = YES;
				CLANG_WARN_UNREACHABLE_CODE = YES;
				CLANG_WARN__DUPLICATE_METHOD_MATCH = YES;
				CODE_SIGN_IDENTITY = "-";
				COPY_PHASE_STRIP = NO;
				DEBUG_INFORMATION_FORMAT = dwarf;
				ENABLE_STRICT_OBJC_MSGSEND = YES;
				ENABLE_TESTABILITY = YES;
				GCC_C_LANGUAGE_STANDARD = gnu99;
				GCC_DYNAMIC_NO_PIC = NO;
				GCC_NO_COMMON_BLOCKS = YES;
				GCC_OPTIMIZATION_LEVEL = 0;
				GCC_PREPROCESSOR_DEFINITIONS = (
					"DEBUG=1",
					"$(inherited)",
				);
				GCC_WARN_64_TO_32_BIT_CONVERSION = YES;
				GCC_WARN_ABOUT_RETURN_TYPE = YES_ERROR;
				GCC_WARN_UNDECLARED_SELECTOR = YES;
				GCC_WARN_UNINITIALIZED_AUTOS = YES_AGGRESSIVE;
				GCC_WARN_UNUSED_FUNCTION = YES;
				GCC_WARN_UNUSED_VARIABLE = YES;
				MACOSX_DEPLOYMENT_TARGET = 10.12;
				MTL_ENABLE_DEBUG_INFO = YES;
				ONLY_ACTIVE_ARCH = YES;
				SDKROOT = macosx;
			};
			name = Debug;
		};
		87B8C3461E0E9C37002F817D /* Release */ = {
			isa = XCBuildConfiguration;
			buildSettings = {
				ALWAYS_SEARCH_USER_PATHS = NO;
				CLANG_ANALYZER_LOCALIZABILITY_NONLOCALIZED = YES;
				CLANG_ANALYZER_NONNULL = YES;
				CLANG_CXX_LANGUAGE_STANDARD = "gnu++0x";
				CLANG_CXX_LIBRARY = "libc++";
				CLANG_ENABLE_MODULES = YES;
				CLANG_ENABLE_OBJC_ARC = YES;
				CLANG_WARN_BLOCK_CAPTURE_AUTORELEASING = YES;
				CLANG_WARN_BOOL_CONVERSION = YES;
				CLANG_WARN_COMMA = YES;
				CLANG_WARN_CONSTANT_CONVERSION = YES;
				CLANG_WARN_DEPRECATED_OBJC_IMPLEMENTATIONS = YES;
				CLANG_WARN_DIRECT_OBJC_ISA_USAGE = YES_ERROR;
				CLANG_WARN_DOCUMENTATION_COMMENTS = YES;
				CLANG_WARN_EMPTY_BODY = YES;
				CLANG_WARN_ENUM_CONVERSION = YES;
				CLANG_WARN_INFINITE_RECURSION = YES;
				CLANG_WARN_INT_CONVERSION = YES;
				CLANG_WARN_NON_LITERAL_NULL_CONVERSION = YES;
				CLANG_WARN_OBJC_IMPLICIT_RETAIN_SELF = YES;
				CLANG_WARN_OBJC_LITERAL_CONVERSION = YES;
				CLANG_WARN_OBJC_ROOT_CLASS = YES_ERROR;
				CLANG_WARN_RANGE_LOOP_ANALYSIS = YES;
				CLANG_WARN_STRICT_PROTOTYPES = YES;
				CLANG_WARN_SUSPICIOUS_MOVE = YES;
				CLANG_WARN_UNREACHABLE_CODE = YES;
				CLANG_WARN__DUPLICATE_METHOD_MATCH = YES;
				CODE_SIGN_IDENTITY = "-";
				COPY_PHASE_STRIP = NO;
				DEBUG_INFORMATION_FORMAT = "dwarf-with-dsym";
				ENABLE_NS_ASSERTIONS = NO;
				ENABLE_STRICT_OBJC_MSGSEND = YES;
				GCC_C_LANGUAGE_STANDARD = gnu99;
				GCC_NO_COMMON_BLOCKS = YES;
				GCC_WARN_64_TO_32_BIT_CONVERSION = YES;
				GCC_WARN_ABOUT_RETURN_TYPE = YES_ERROR;
				GCC_WARN_UNDECLARED_SELECTOR = YES;
				GCC_WARN_UNINITIALIZED_AUTOS = YES_AGGRESSIVE;
				GCC_WARN_UNUSED_FUNCTION = YES;
				GCC_WARN_UNUSED_VARIABLE = YES;
				MACOSX_DEPLOYMENT_TARGET = 10.12;
				MTL_ENABLE_DEBUG_INFO = NO;
				SDKROOT = macosx;
			};
			name = Release;
		};
		87B8C3481E0E9C37002F817D /* Debug */ = {
			isa = XCBuildConfiguration;
			buildSettings = {
				ALWAYS_SEARCH_USER_PATHS = YES;
				CODE_SIGN_IDENTITY = "-";
				HEADER_SEARCH_PATHS = ./include/;
				PRODUCT_NAME = "$(TARGET_NAME)";
			};
			name = Debug;
		};
		87B8C3491E0E9C37002F817D /* Release */ = {
			isa = XCBuildConfiguration;
			buildSettings = {
				ALWAYS_SEARCH_USER_PATHS = YES;
				CODE_SIGN_IDENTITY = "-";
				HEADER_SEARCH_PATHS = ./include/;
				PRODUCT_NAME = "$(TARGET_NAME)";
			};
			name = Release;
		};
/* End XCBuildConfiguration section */

/* Begin XCConfigurationList section */
		87B8C33B1E0E9C37002F817D /* Build configuration list for PBXProject "libfragmentzip" */ = {
			isa = XCConfigurationList;
			buildConfigurations = (
				87B8C3451E0E9C37002F817D /* Debug */,
				87B8C3461E0E9C37002F817D /* Release */,
			);
			defaultConfigurationIsVisible = 0;
			defaultConfigurationName = Release;
		};
		87B8C3471E0E9C37002F817D /* Build configuration list for PBXNativeTarget "libfragmentzip" */ = {
			isa = XCConfigurationList;
			buildConfigurations = (
				87B8C3481E0E9C37002F817D /* Debug */,
				87B8C3491E0E9C37002F817D /* Release */,
			);
			defaultConfigurationIsVisible = 0;
			defaultConfigurationName = Release;
		};
/* End XCConfigurationList section */
	};
	rootObject = 87B8C3381E0E9C37002F817D /* Project object */;
}
